
Microsoft Visual Studio Solution File, Format Version 12.00
# Visual Studio Version 17
VisualStudioVersion = 17.4.33122.133
MinimumVisualStudioVersion = 10.0.40219.1
Project("{9A19103F-16F7-4668-BE54-9A1E7A4F7556}") = "10_Array", "Array\10_Array.csproj", "{0E62353F-CFEC-4D5A-A35D-5AC4F9C4BF96}"
EndProject
Project("{9A19103F-16F7-4668-BE54-9A1E7A4F7556}") = "08_Converção_Texto_Para_Numero", "Converção_Texto_Para_Numero\08_Converção_Texto_Para_Numero.csproj", "{89F73160-38E8-4E04-84BB-C73A0C379EED}"
EndProject
Project("{9A19103F-16F7-4668-BE54-9A1E7A4F7556}") = "09_Conversão_Numero", "Conversão_Texto_Para_Numero\09_Conversão_Numero.csproj", "{0130FBB0-1C19-44F6-BA42-6BCB5057644F}"
EndProject
Project("{9A19103F-16F7-4668-BE54-9A1E7A4F7556}") = "11_Entrada_e_Saida_de_dados", "Entrada_e_Saida_de_dados\11_Entrada_e_Saida_de_dados.csproj", "{2D6FA603-D8CE-4480-AB9A-1023A2DBE798}"
EndProject
Project("{9A19103F-16F7-4668-BE54-9A1E7A4F7556}") = "01_Variaveis_Byte_E_SByte", "Variaveis_01\01_Variaveis_Byte_E_SByte.csproj", "{210F0CC5-3569-4FB5-A325-C44073858E0C}"
EndProject
Project("{9A19103F-16F7-4668-BE54-9A1E7A4F7556}") = "06_Variaveis_Bolen_Object", "Variaveis_Bolen_Object\06_Variaveis_Bolen_Object.csproj", "{1DCBD491-E41D-4278-A8F6-86FFDE659797}"
EndProject
Project("{9A19103F-16F7-4668-BE54-9A1E7A4F7556}") = "05_Variaveis_Char_e_String", "Variaveis_Char_e_String\05_Variaveis_Char_e_String.csproj", "{793391FD-A73F-4F8F-A7A3-06013224DAC8}"
EndProject
Project("{9A19103F-16F7-4668-BE54-9A1E7A4F7556}") = "04_Variaveis_Float_Double_Decimal", "Variaveis_Float_Double_Decimal\04_Variaveis_Float_Double_Decimal.csproj", "{E9547E13-513D-46C5-9DB1-323EC07F08BB}"
EndProject
Project("{9A19103F-16F7-4668-BE54-9A1E7A4F7556}") = "02_Variaveis_Short_Int_Long", "Variaveis_Short_Int_Long\02_Variaveis_Short_Int_Long.csproj", "{5719E7AF-BF13-49F5-B2A4-639790EF6DD2}"
EndProject
Global
	GlobalSection(SolutionConfigurationPlatforms) = preSolution
		Debug|Any CPU = Debug|Any CPU
		Release|Any CPU = Release|Any CPU
	EndGlobalSection
	GlobalSection(ProjectConfigurationPlatforms) = postSolution
		{0E62353F-CFEC-4D5A-A35D-5AC4F9C4BF96}.Debug|Any CPU.ActiveCfg = Debug|Any CPU
		{0E62353F-CFEC-4D5A-A35D-5AC4F9C4BF96}.Debug|Any CPU.Build.0 = Debug|Any CPU
		{0E62353F-CFEC-4D5A-A35D-5AC4F9C4BF96}.Release|Any CPU.ActiveCfg = Release|Any CPU
		{0E62353F-CFEC-4D5A-A35D-5AC4F9C4BF96}.Release|Any CPU.Build.0 = Release|Any CPU
		{89F73160-38E8-4E04-84BB-C73A0C379EED}.Debug|Any CPU.ActiveCfg = Debug|Any CPU
		{89F73160-38E8-4E04-84BB-C73A0C379EED}.Debug|Any CPU.Build.0 = Debug|Any CPU
		{89F73160-38E8-4E04-84BB-C73A0C379EED}.Release|Any CPU.ActiveCfg = Release|Any CPU
		{89F73160-38E8-4E04-84BB-C73A0C379EED}.Release|Any CPU.Build.0 = Release|Any CPU
		{0130FBB0-1C19-44F6-BA42-6BCB5057644F}.Debug|Any CPU.ActiveCfg = Debug|Any CPU
		{0130FBB0-1C19-44F6-BA42-6BCB5057644F}.Debug|Any CPU.Build.0 = Debug|Any CPU
		{0130FBB0-1C19-44F6-BA42-6BCB5057644F}.Release|Any CPU.ActiveCfg = Release|Any CPU
		{0130FBB0-1C19-44F6-BA42-6BCB5057644F}.Release|Any CPU.Build.0 = Release|Any CPU
		{2D6FA603-D8CE-4480-AB9A-1023A2DBE798}.Debug|Any CPU.ActiveCfg = Debug|Any CPU
		{2D6FA603-D8CE-4480-AB9A-1023A2DBE798}.Debug|Any CPU.Build.0 = Debug|Any CPU
		{2D6FA603-D8CE-4480-AB9A-1023A2DBE798}.Release|Any CPU.ActiveCfg = Release|Any CPU
		{2D6FA603-D8CE-4480-AB9A-1023A2DBE798}.Release|Any CPU.Build.0 = Release|Any CPU
		{210F0CC5-3569-4FB5-A325-C44073858E0C}.Debug|Any CPU.ActiveCfg = Debug|Any CPU
		{210F0CC5-3569-4FB5-A325-C44073858E0C}.Debug|Any CPU.Build.0 = Debug|Any CPU
		{210F0CC5-3569-4FB5-A325-C44073858E0C}.Release|Any CPU.ActiveCfg = Release|Any CPU
		{210F0CC5-3569-4FB5-A325-C44073858E0C}.Release|Any CPU.Build.0 = Release|Any CPU
		{1DCBD491-E41D-4278-A8F6-86FFDE659797}.Debug|Any CPU.ActiveCfg = Debug|Any CPU
		{1DCBD491-E41D-4278-A8F6-86FFDE659797}.Debug|Any CPU.Build.0 = Debug|Any CPU
		{1DCBD491-E41D-4278-A8F6-86FFDE659797}.Release|Any CPU.ActiveCfg = Release|Any CPU
		{1DCBD491-E41D-4278-A8F6-86FFDE659797}.Release|Any CPU.Build.0 = Release|Any CPU
		{793391FD-A73F-4F8F-A7A3-06013224DAC8}.Debug|Any CPU.ActiveCfg = Debug|Any CPU
		{793391FD-A73F-4F8F-A7A3-06013224DAC8}.Debug|Any CPU.Build.0 = Debug|Any CPU
		{793391FD-A73F-4F8F-A7A3-06013224DAC8}.Release|Any CPU.ActiveCfg = Release|Any CPU
		{793391FD-A73F-4F8F-A7A3-06013224DAC8}.Release|Any CPU.Build.0 = Release|Any CPU
		{E9547E13-513D-46C5-9DB1-323EC07F08BB}.Debug|Any CPU.ActiveCfg = Debug|Any CPU
		{E9547E13-513D-46C5-9DB1-323EC07F08BB}.Debug|Any CPU.Build.0 = Debug|Any CPU
		{E9547E13-513D-46C5-9DB1-323EC07F08BB}.Release|Any CPU.ActiveCfg = Release|Any CPU
		{E9547E13-513D-46C5-9DB1-323EC07F08BB}.Release|Any CPU.Build.0 = Release|Any CPU
		{5719E7AF-BF13-49F5-B2A4-639790EF6DD2}.Debug|Any CPU.ActiveCfg = Debug|Any CPU
		{5719E7AF-BF13-49F5-B2A4-639790EF6DD2}.Debug|Any CPU.Build.0 = Debug|Any CPU
		{5719E7AF-BF13-49F5-B2A4-639790EF6DD2}.Release|Any CPU.ActiveCfg = Release|Any CPU
		{5719E7AF-BF13-49F5-B2A4-639790EF6DD2}.Release|Any CPU.Build.0 = Release|Any CPU
	EndGlobalSection
	GlobalSection(SolutionProperties) = preSolution
		HideSolutionNode = FALSE
	EndGlobalSection
	GlobalSection(ExtensibilityGlobals) = postSolution
		SolutionGuid = {0902702C-F1BC-46A4-AFBA-39CF484756E1}
	EndGlobalSection
EndGlobal
