
Microsoft Visual Studio Solution File, Format Version 12.00
# Visual Studio Version 17
VisualStudioVersion = 17.4.33122.133
MinimumVisualStudioVersion = 10.0.40219.1
Project("{9A19103F-16F7-4668-BE54-9A1E7A4F7556}") = "Aula_01", "01_Console\Aula_01.csproj", "{8F3CF88F-B053-496B-9584-4A1795320414}"
EndProject
Project("{9A19103F-16F7-4668-BE54-9A1E7A4F7556}") = "Form_01", "02_WinForm\Form_01.csproj", "{94E70575-C581-44CA-8E51-EA4E0C42365F}"
EndProject
Project("{9A19103F-16F7-4668-BE54-9A1E7A4F7556}") = "03_WebForms", "03_WebForms\03_WebForms.csproj", "{1F252AD6-A006-4A8E-ADF1-401663E74177}"
EndProject
Global
	GlobalSection(SolutionConfigurationPlatforms) = preSolution
		Debug|Any CPU = Debug|Any CPU
		Release|Any CPU = Release|Any CPU
	EndGlobalSection
	GlobalSection(ProjectConfigurationPlatforms) = postSolution
		{8F3CF88F-B053-496B-9584-4A1795320414}.Debug|Any CPU.ActiveCfg = Debug|Any CPU
		{8F3CF88F-B053-496B-9584-4A1795320414}.Debug|Any CPU.Build.0 = Debug|Any CPU
		{8F3CF88F-B053-496B-9584-4A1795320414}.Release|Any CPU.ActiveCfg = Release|Any CPU
		{8F3CF88F-B053-496B-9584-4A1795320414}.Release|Any CPU.Build.0 = Release|Any CPU
		{94E70575-C581-44CA-8E51-EA4E0C42365F}.Debug|Any CPU.ActiveCfg = Debug|Any CPU
		{94E70575-C581-44CA-8E51-EA4E0C42365F}.Debug|Any CPU.Build.0 = Debug|Any CPU
		{94E70575-C581-44CA-8E51-EA4E0C42365F}.Release|Any CPU.ActiveCfg = Release|Any CPU
		{94E70575-C581-44CA-8E51-EA4E0C42365F}.Release|Any CPU.Build.0 = Release|Any CPU
		{1F252AD6-A006-4A8E-ADF1-401663E74177}.Debug|Any CPU.ActiveCfg = Debug|Any CPU
		{1F252AD6-A006-4A8E-ADF1-401663E74177}.Debug|Any CPU.Build.0 = Debug|Any CPU
		{1F252AD6-A006-4A8E-ADF1-401663E74177}.Release|Any CPU.ActiveCfg = Release|Any CPU
		{1F252AD6-A006-4A8E-ADF1-401663E74177}.Release|Any CPU.Build.0 = Release|Any CPU
	EndGlobalSection
	GlobalSection(SolutionProperties) = preSolution
		HideSolutionNode = FALSE
	EndGlobalSection
	GlobalSection(ExtensibilityGlobals) = postSolution
		SolutionGuid = {C6D16BB7-597F-4117-A0DE-3F374E94B87F}
	EndGlobalSection
EndGlobal
