
Microsoft Visual Studio Solution File, Format Version 12.00
# Visual Studio Version 17
VisualStudioVersion = 17.4.33122.133
MinimumVisualStudioVersion = 10.0.40219.1
Project("{9A19103F-16F7-4668-BE54-9A1E7A4F7556}") = "1_Olá mundo", "Aulas\1_Olá mundo.csproj", "{58BE952A-4665-4D4C-99B4-6974B211EB55}"
EndProject
Project("{9A19103F-16F7-4668-BE54-9A1E7A4F7556}") = "2_Variaveis", "2_Variaveis\2_Variaveis.csproj", "{99DEAED0-E7D4-4CCE-952C-67D4602BC0B1}"
EndProject
Project("{9A19103F-16F7-4668-BE54-9A1E7A4F7556}") = "3_Variaveis.Flutuantes", "3_Variaveis.Flutuantes\3_Variaveis.Flutuantes.csproj", "{580A3753-FB65-4EA1-AB39-22F762C86158}"
EndProject
Project("{9A19103F-16F7-4668-BE54-9A1E7A4F7556}") = "3-zTestesPontoflutuantes", "4_TestesPontoflutuantes\3-zTestesPontoflutuantes.csproj", "{A903D8D6-3EB0-4BD8-BDB6-3656F3CE8204}"
EndProject
Project("{9A19103F-16F7-4668-BE54-9A1E7A4F7556}") = "4_Conversoes", "4_Conversoes\4_Conversoes.csproj", "{9BCDB6BE-235D-47EC-87AA-02CF1ADB20EB}"
EndProject
Project("{9A19103F-16F7-4668-BE54-9A1E7A4F7556}") = "5_CaracterETexto", "5_CaracterETexto\5_CaracterETexto.csproj", "{8DA33E8D-FE99-4501-9EB4-705113D3C58D}"
EndProject
Project("{9A19103F-16F7-4668-BE54-9A1E7A4F7556}") = "6_AtribuiçãodeVariaveis", "6_AtribuiçãodeVariaveis\6_AtribuiçãodeVariaveis.csproj", "{E8B77F4A-784C-48A4-B711-BD8A7AAF97F3}"
EndProject
Project("{9A19103F-16F7-4668-BE54-9A1E7A4F7556}") = "7_Condicionais", "7_Condicionais\7_Condicionais.csproj", "{227366E1-D1D8-4921-8EBF-10FFB3870DB5}"
EndProject
Project("{9A19103F-16F7-4668-BE54-9A1E7A4F7556}") = "8_Condicionais2", "8_Condicionais2\8_Condicionais2.csproj", "{48B626A9-3A8F-4347-ADF1-1A634A35FE25}"
EndProject
Project("{9A19103F-16F7-4668-BE54-9A1E7A4F7556}") = "9_Escopo", "8_Escopo\9_Escopo.csproj", "{4A04D3BE-5339-45EF-9985-2B4B0A6D4BEE}"
EndProject
Project("{FAE04EC0-301F-11D3-BF4B-00C04F79EFBC}") = "z10_CalculaPoupança", "10_zCalculaPoupança\z10_CalculaPoupança.csproj", "{E1181B55-38F6-4D04-8B32-7B7467059C61}"
EndProject
Global
	GlobalSection(SolutionConfigurationPlatforms) = preSolution
		Debug|Any CPU = Debug|Any CPU
		Release|Any CPU = Release|Any CPU
	EndGlobalSection
	GlobalSection(ProjectConfigurationPlatforms) = postSolution
		{58BE952A-4665-4D4C-99B4-6974B211EB55}.Debug|Any CPU.ActiveCfg = Debug|Any CPU
		{58BE952A-4665-4D4C-99B4-6974B211EB55}.Debug|Any CPU.Build.0 = Debug|Any CPU
		{58BE952A-4665-4D4C-99B4-6974B211EB55}.Release|Any CPU.ActiveCfg = Release|Any CPU
		{58BE952A-4665-4D4C-99B4-6974B211EB55}.Release|Any CPU.Build.0 = Release|Any CPU
		{99DEAED0-E7D4-4CCE-952C-67D4602BC0B1}.Debug|Any CPU.ActiveCfg = Debug|Any CPU
		{99DEAED0-E7D4-4CCE-952C-67D4602BC0B1}.Debug|Any CPU.Build.0 = Debug|Any CPU
		{99DEAED0-E7D4-4CCE-952C-67D4602BC0B1}.Release|Any CPU.ActiveCfg = Release|Any CPU
		{99DEAED0-E7D4-4CCE-952C-67D4602BC0B1}.Release|Any CPU.Build.0 = Release|Any CPU
		{580A3753-FB65-4EA1-AB39-22F762C86158}.Debug|Any CPU.ActiveCfg = Debug|Any CPU
		{580A3753-FB65-4EA1-AB39-22F762C86158}.Debug|Any CPU.Build.0 = Debug|Any CPU
		{580A3753-FB65-4EA1-AB39-22F762C86158}.Release|Any CPU.ActiveCfg = Release|Any CPU
		{580A3753-FB65-4EA1-AB39-22F762C86158}.Release|Any CPU.Build.0 = Release|Any CPU
		{A903D8D6-3EB0-4BD8-BDB6-3656F3CE8204}.Debug|Any CPU.ActiveCfg = Debug|Any CPU
		{A903D8D6-3EB0-4BD8-BDB6-3656F3CE8204}.Debug|Any CPU.Build.0 = Debug|Any CPU
		{A903D8D6-3EB0-4BD8-BDB6-3656F3CE8204}.Release|Any CPU.ActiveCfg = Release|Any CPU
		{A903D8D6-3EB0-4BD8-BDB6-3656F3CE8204}.Release|Any CPU.Build.0 = Release|Any CPU
		{9BCDB6BE-235D-47EC-87AA-02CF1ADB20EB}.Debug|Any CPU.ActiveCfg = Debug|Any CPU
		{9BCDB6BE-235D-47EC-87AA-02CF1ADB20EB}.Debug|Any CPU.Build.0 = Debug|Any CPU
		{9BCDB6BE-235D-47EC-87AA-02CF1ADB20EB}.Release|Any CPU.ActiveCfg = Release|Any CPU
		{9BCDB6BE-235D-47EC-87AA-02CF1ADB20EB}.Release|Any CPU.Build.0 = Release|Any CPU
		{8DA33E8D-FE99-4501-9EB4-705113D3C58D}.Debug|Any CPU.ActiveCfg = Debug|Any CPU
		{8DA33E8D-FE99-4501-9EB4-705113D3C58D}.Debug|Any CPU.Build.0 = Debug|Any CPU
		{8DA33E8D-FE99-4501-9EB4-705113D3C58D}.Release|Any CPU.ActiveCfg = Release|Any CPU
		{8DA33E8D-FE99-4501-9EB4-705113D3C58D}.Release|Any CPU.Build.0 = Release|Any CPU
		{E8B77F4A-784C-48A4-B711-BD8A7AAF97F3}.Debug|Any CPU.ActiveCfg = Debug|Any CPU
		{E8B77F4A-784C-48A4-B711-BD8A7AAF97F3}.Debug|Any CPU.Build.0 = Debug|Any CPU
		{E8B77F4A-784C-48A4-B711-BD8A7AAF97F3}.Release|Any CPU.ActiveCfg = Release|Any CPU
		{E8B77F4A-784C-48A4-B711-BD8A7AAF97F3}.Release|Any CPU.Build.0 = Release|Any CPU
		{227366E1-D1D8-4921-8EBF-10FFB3870DB5}.Debug|Any CPU.ActiveCfg = Debug|Any CPU
		{227366E1-D1D8-4921-8EBF-10FFB3870DB5}.Debug|Any CPU.Build.0 = Debug|Any CPU
		{227366E1-D1D8-4921-8EBF-10FFB3870DB5}.Release|Any CPU.ActiveCfg = Release|Any CPU
		{227366E1-D1D8-4921-8EBF-10FFB3870DB5}.Release|Any CPU.Build.0 = Release|Any CPU
		{48B626A9-3A8F-4347-ADF1-1A634A35FE25}.Debug|Any CPU.ActiveCfg = Debug|Any CPU
		{48B626A9-3A8F-4347-ADF1-1A634A35FE25}.Debug|Any CPU.Build.0 = Debug|Any CPU
		{48B626A9-3A8F-4347-ADF1-1A634A35FE25}.Release|Any CPU.ActiveCfg = Release|Any CPU
		{48B626A9-3A8F-4347-ADF1-1A634A35FE25}.Release|Any CPU.Build.0 = Release|Any CPU
		{4A04D3BE-5339-45EF-9985-2B4B0A6D4BEE}.Debug|Any CPU.ActiveCfg = Debug|Any CPU
		{4A04D3BE-5339-45EF-9985-2B4B0A6D4BEE}.Debug|Any CPU.Build.0 = Debug|Any CPU
		{4A04D3BE-5339-45EF-9985-2B4B0A6D4BEE}.Release|Any CPU.ActiveCfg = Release|Any CPU
		{4A04D3BE-5339-45EF-9985-2B4B0A6D4BEE}.Release|Any CPU.Build.0 = Release|Any CPU
		{E1181B55-38F6-4D04-8B32-7B7467059C61}.Debug|Any CPU.ActiveCfg = Debug|Any CPU
		{E1181B55-38F6-4D04-8B32-7B7467059C61}.Debug|Any CPU.Build.0 = Debug|Any CPU
		{E1181B55-38F6-4D04-8B32-7B7467059C61}.Release|Any CPU.ActiveCfg = Release|Any CPU
		{E1181B55-38F6-4D04-8B32-7B7467059C61}.Release|Any CPU.Build.0 = Release|Any CPU
	EndGlobalSection
	GlobalSection(SolutionProperties) = preSolution
		HideSolutionNode = FALSE
	EndGlobalSection
	GlobalSection(ExtensibilityGlobals) = postSolution
		SolutionGuid = {F60974C2-2D1F-48C9-9D51-9D9017447A0C}
	EndGlobalSection
EndGlobal
