
Microsoft Visual Studio Solution File, Format Version 12.00
# Visual Studio Version 17
VisualStudioVersion = 17.4.33122.133
MinimumVisualStudioVersion = 10.0.40219.1
Project("{9A19103F-16F7-4668-BE54-9A1E7A4F7556}") = "1_Olá mundo", "Aulas\1_Olá mundo.csproj", "{58BE952A-4665-4D4C-99B4-6974B211EB55}"
EndProject
Project("{9A19103F-16F7-4668-BE54-9A1E7A4F7556}") = "2_Variaveis", "2_Variaveis\2_Variaveis.csproj", "{99DEAED0-E7D4-4CCE-952C-67D4602BC0B1}"
EndProject
Project("{9A19103F-16F7-4668-BE54-9A1E7A4F7556}") = "3_Variaveis.Flutuantes", "3_Variaveis.Flutuantes\3_Variaveis.Flutuantes.csproj", "{580A3753-FB65-4EA1-AB39-22F762C86158}"
EndProject
Project("{9A19103F-16F7-4668-BE54-9A1E7A4F7556}") = "3-zTestesPontoflutuantes", "4_TestesPontoflutuantes\3-zTestesPontoflutuantes.csproj", "{A903D8D6-3EB0-4BD8-BDB6-3656F3CE8204}"
EndProject
Project("{FAE04EC0-301F-11D3-BF4B-00C04F79EFBC}") = "4_Conversoes", "4_Conversoes\4_Conversoes.csproj", "{9BCDB6BE-235D-47EC-87AA-02CF1ADB20EB}"
EndProject
Global
	GlobalSection(SolutionConfigurationPlatforms) = preSolution
		Debug|Any CPU = Debug|Any CPU
		Release|Any CPU = Release|Any CPU
	EndGlobalSection
	GlobalSection(ProjectConfigurationPlatforms) = postSolution
		{58BE952A-4665-4D4C-99B4-6974B211EB55}.Debug|Any CPU.ActiveCfg = Debug|Any CPU
		{58BE952A-4665-4D4C-99B4-6974B211EB55}.Debug|Any CPU.Build.0 = Debug|Any CPU
		{58BE952A-4665-4D4C-99B4-6974B211EB55}.Release|Any CPU.ActiveCfg = Release|Any CPU
		{58BE952A-4665-4D4C-99B4-6974B211EB55}.Release|Any CPU.Build.0 = Release|Any CPU
		{99DEAED0-E7D4-4CCE-952C-67D4602BC0B1}.Debug|Any CPU.ActiveCfg = Debug|Any CPU
		{99DEAED0-E7D4-4CCE-952C-67D4602BC0B1}.Debug|Any CPU.Build.0 = Debug|Any CPU
		{99DEAED0-E7D4-4CCE-952C-67D4602BC0B1}.Release|Any CPU.ActiveCfg = Release|Any CPU
		{99DEAED0-E7D4-4CCE-952C-67D4602BC0B1}.Release|Any CPU.Build.0 = Release|Any CPU
		{580A3753-FB65-4EA1-AB39-22F762C86158}.Debug|Any CPU.ActiveCfg = Debug|Any CPU
		{580A3753-FB65-4EA1-AB39-22F762C86158}.Debug|Any CPU.Build.0 = Debug|Any CPU
		{580A3753-FB65-4EA1-AB39-22F762C86158}.Release|Any CPU.ActiveCfg = Release|Any CPU
		{580A3753-FB65-4EA1-AB39-22F762C86158}.Release|Any CPU.Build.0 = Release|Any CPU
		{A903D8D6-3EB0-4BD8-BDB6-3656F3CE8204}.Debug|Any CPU.ActiveCfg = Debug|Any CPU
		{A903D8D6-3EB0-4BD8-BDB6-3656F3CE8204}.Debug|Any CPU.Build.0 = Debug|Any CPU
		{A903D8D6-3EB0-4BD8-BDB6-3656F3CE8204}.Release|Any CPU.ActiveCfg = Release|Any CPU
		{A903D8D6-3EB0-4BD8-BDB6-3656F3CE8204}.Release|Any CPU.Build.0 = Release|Any CPU
		{9BCDB6BE-235D-47EC-87AA-02CF1ADB20EB}.Debug|Any CPU.ActiveCfg = Debug|Any CPU
		{9BCDB6BE-235D-47EC-87AA-02CF1ADB20EB}.Debug|Any CPU.Build.0 = Debug|Any CPU
		{9BCDB6BE-235D-47EC-87AA-02CF1ADB20EB}.Release|Any CPU.ActiveCfg = Release|Any CPU
		{9BCDB6BE-235D-47EC-87AA-02CF1ADB20EB}.Release|Any CPU.Build.0 = Release|Any CPU
	EndGlobalSection
	GlobalSection(SolutionProperties) = preSolution
		HideSolutionNode = FALSE
	EndGlobalSection
	GlobalSection(ExtensibilityGlobals) = postSolution
		SolutionGuid = {F60974C2-2D1F-48C9-9D51-9D9017447A0C}
	EndGlobalSection
EndGlobal
