
Microsoft Visual Studio Solution File, Format Version 12.00
# Visual Studio Version 17
VisualStudioVersion = 17.4.33122.133
MinimumVisualStudioVersion = 10.0.40219.1
Project("{9A19103F-16F7-4668-BE54-9A1E7A4F7556}") = "01_Classe", "01_Classe\01_Classe.csproj", "{F95345DD-4A10-4420-9490-BC1DE8E2959F}"
EndProject
Global
	GlobalSection(SolutionConfigurationPlatforms) = preSolution
		Debug|Any CPU = Debug|Any CPU
		Release|Any CPU = Release|Any CPU
	EndGlobalSection
	GlobalSection(ProjectConfigurationPlatforms) = postSolution
		{F95345DD-4A10-4420-9490-BC1DE8E2959F}.Debug|Any CPU.ActiveCfg = Debug|Any CPU
		{F95345DD-4A10-4420-9490-BC1DE8E2959F}.Debug|Any CPU.Build.0 = Debug|Any CPU
		{F95345DD-4A10-4420-9490-BC1DE8E2959F}.Release|Any CPU.ActiveCfg = Release|Any CPU
		{F95345DD-4A10-4420-9490-BC1DE8E2959F}.Release|Any CPU.Build.0 = Release|Any CPU
	EndGlobalSection
	GlobalSection(SolutionProperties) = preSolution
		HideSolutionNode = FALSE
	EndGlobalSection
	GlobalSection(ExtensibilityGlobals) = postSolution
		SolutionGuid = {0514FF01-0289-4F50-AF5B-4D22E1EC6BF9}
	EndGlobalSection
EndGlobal
